
Microsoft Visual Studio Solution File, Format Version 12.00
# Visual Studio 14
VisualStudioVersion = 14.0.24720.0
MinimumVisualStudioVersion = 10.0.40219.1
Project("{00D1A9C2-B5F0-4AF3-8072-F6C62B433612}") = "ode_to_mssql", "ode_to_mssql.sqlproj", "{02A3A59B-E9FF-4363-AA4A-7653031363C9}"
EndProject
Project("{00D1A9C2-B5F0-4AF3-8072-F6C62B433612}") = "Feature_Scripts", "Feature_Scripts\Feature_Scripts\Feature_Scripts.sqlproj", "{5C917A5D-F848-4FA8-83E7-32C227F295D2}"
EndProject
Global
	GlobalSection(SolutionConfigurationPlatforms) = preSolution
		Debug|Any CPU = Debug|Any CPU
		Release|Any CPU = Release|Any CPU
	EndGlobalSection
	GlobalSection(ProjectConfigurationPlatforms) = postSolution
		{02A3A59B-E9FF-4363-AA4A-7653031363C9}.Debug|Any CPU.ActiveCfg = Debug|Any CPU
		{02A3A59B-E9FF-4363-AA4A-7653031363C9}.Debug|Any CPU.Build.0 = Debug|Any CPU
		{02A3A59B-E9FF-4363-AA4A-7653031363C9}.Debug|Any CPU.Deploy.0 = Debug|Any CPU
		{02A3A59B-E9FF-4363-AA4A-7653031363C9}.Release|Any CPU.ActiveCfg = Release|Any CPU
		{02A3A59B-E9FF-4363-AA4A-7653031363C9}.Release|Any CPU.Build.0 = Release|Any CPU
		{02A3A59B-E9FF-4363-AA4A-7653031363C9}.Release|Any CPU.Deploy.0 = Release|Any CPU
		{5C917A5D-F848-4FA8-83E7-32C227F295D2}.Debug|Any CPU.ActiveCfg = Debug|Any CPU
		{5C917A5D-F848-4FA8-83E7-32C227F295D2}.Debug|Any CPU.Build.0 = Debug|Any CPU
		{5C917A5D-F848-4FA8-83E7-32C227F295D2}.Debug|Any CPU.Deploy.0 = Debug|Any CPU
		{5C917A5D-F848-4FA8-83E7-32C227F295D2}.Release|Any CPU.ActiveCfg = Release|Any CPU
		{5C917A5D-F848-4FA8-83E7-32C227F295D2}.Release|Any CPU.Build.0 = Release|Any CPU
		{5C917A5D-F848-4FA8-83E7-32C227F295D2}.Release|Any CPU.Deploy.0 = Release|Any CPU
	EndGlobalSection
	GlobalSection(SolutionProperties) = preSolution
		HideSolutionNode = FALSE
	EndGlobalSection
EndGlobal
